
Microsoft Visual Studio Solution File, Format Version 12.00
# Visual Studio Version 16
VisualStudioVersion = 16.0.32413.511
MinimumVisualStudioVersion = 10.0.40219.1
Project("{9A19103F-16F7-4668-BE54-9A1E7A4F7556}") = "WeatherStation", "WeatherStation\WeatherStation.csproj", "{1DE2CB8E-4CF1-4921-8A78-6DCAB3CA4F9E}"
EndProject
Project("{FAE04EC0-301F-11D3-BF4B-00C04F79EFBC}") = "WeatherForecastControllerTests", "WeatherForecastControllerTests\WeatherForecastControllerTests.csproj", "{7780AF81-ABB2-4B6F-A739-A8CBD8F8CCBA}"
EndProject
Global
	GlobalSection(SolutionConfigurationPlatforms) = preSolution
		Debug|Any CPU = Debug|Any CPU
		Release|Any CPU = Release|Any CPU
	EndGlobalSection
	GlobalSection(ProjectConfigurationPlatforms) = postSolution
		{1DE2CB8E-4CF1-4921-8A78-6DCAB3CA4F9E}.Debug|Any CPU.ActiveCfg = Debug|Any CPU
		{1DE2CB8E-4CF1-4921-8A78-6DCAB3CA4F9E}.Debug|Any CPU.Build.0 = Debug|Any CPU
		{1DE2CB8E-4CF1-4921-8A78-6DCAB3CA4F9E}.Release|Any CPU.ActiveCfg = Release|Any CPU
		{1DE2CB8E-4CF1-4921-8A78-6DCAB3CA4F9E}.Release|Any CPU.Build.0 = Release|Any CPU
		{7780AF81-ABB2-4B6F-A739-A8CBD8F8CCBA}.Debug|Any CPU.ActiveCfg = Debug|Any CPU
		{7780AF81-ABB2-4B6F-A739-A8CBD8F8CCBA}.Debug|Any CPU.Build.0 = Debug|Any CPU
		{7780AF81-ABB2-4B6F-A739-A8CBD8F8CCBA}.Release|Any CPU.ActiveCfg = Release|Any CPU
		{7780AF81-ABB2-4B6F-A739-A8CBD8F8CCBA}.Release|Any CPU.Build.0 = Release|Any CPU
	EndGlobalSection
	GlobalSection(SolutionProperties) = preSolution
		HideSolutionNode = FALSE
	EndGlobalSection
	GlobalSection(ExtensibilityGlobals) = postSolution
		SolutionGuid = {B93DB6A9-ED00-4CED-9C42-659B3843AD84}
	EndGlobalSection
EndGlobal
